
Microsoft Visual Studio Solution File, Format Version 12.00
# Visual Studio 15
VisualStudioVersion = 15.0.26430.14
MinimumVisualStudioVersion = 10.0.40219.1
Project("{9A19103F-16F7-4668-BE54-9A1E7A4F7556}") = "BeerBot.BeerApi", "BeerBot.BeerApi\BeerBot.BeerApi.csproj", "{10F56FBA-FFB9-419E-8851-F617BA113D02}"
EndProject
Project("{9A19103F-16F7-4668-BE54-9A1E7A4F7556}") = "BeerBot", "BeerBot\BeerBot.csproj", "{57CD13FF-A96B-41DE-B1F1-A44859F98807}"
EndProject
Global
	GlobalSection(SolutionConfigurationPlatforms) = preSolution
		Debug|Any CPU = Debug|Any CPU
		Release|Any CPU = Release|Any CPU
	EndGlobalSection
	GlobalSection(ProjectConfigurationPlatforms) = postSolution
		{10F56FBA-FFB9-419E-8851-F617BA113D02}.Debug|Any CPU.ActiveCfg = Debug|Any CPU
		{10F56FBA-FFB9-419E-8851-F617BA113D02}.Debug|Any CPU.Build.0 = Debug|Any CPU
		{10F56FBA-FFB9-419E-8851-F617BA113D02}.Release|Any CPU.ActiveCfg = Release|Any CPU
		{10F56FBA-FFB9-419E-8851-F617BA113D02}.Release|Any CPU.Build.0 = Release|Any CPU
		{57CD13FF-A96B-41DE-B1F1-A44859F98807}.Debug|Any CPU.ActiveCfg = Debug|Any CPU
		{57CD13FF-A96B-41DE-B1F1-A44859F98807}.Debug|Any CPU.Build.0 = Debug|Any CPU
		{57CD13FF-A96B-41DE-B1F1-A44859F98807}.Release|Any CPU.ActiveCfg = Release|Any CPU
		{57CD13FF-A96B-41DE-B1F1-A44859F98807}.Release|Any CPU.Build.0 = Release|Any CPU
	EndGlobalSection
	GlobalSection(SolutionProperties) = preSolution
		HideSolutionNode = FALSE
	EndGlobalSection
	GlobalSection(ExtensibilityGlobals) = postSolution
		SolutionGuid = {F14CF509-9BFC-431A-A01B-7B1E4830EB47}
	EndGlobalSection
EndGlobal
